{
  "version": 4,
  "terraform_version": "1.15.9",
  "serial": 5,
  "lineage": "2db8523a-90dd-26f3-03d9-18ac0966a9d8",
  "outputs": {},
  "resources": [
    {
      "mode": "managed",
      "type": "local_file",
      "name": "hello",
      "provider": "provider[\"registry.terraform.io/hashicorp/local\"]",
      "instances": [
        {
          "schema_version": 0,
          "attributes": {
            "content": "Hello from Terraform! Day 11 of my learning journey.",
            "content_base64": null,
            "content_base64sha256": "Y9ZtJHdXqbS9R01eekxeh6EQxRGi3QkSVZUlhyrgQ2I=",
            "content_base64sha512": "hOka8pHvL9EOX04nef05vnnGCV8f6bHTpLwqcWQbzzy30G+BmboUaNd4q1VyRTYfECk0N6hHt5q3xG7CmxxDlA==",
            "content_md5": "3426af0cbd8cbe35fa46472c01dbd19c",
            "content_sha1": "6b4e944321e6146320d6f30aff2789a6b157c971",
            "content_sha256": "63d66d247757a9b4bd474d5e7a4c5e87a110c511a2dd0912559525872ae04362",
            "content_sha512": "84e91af291ef2fd10e5f4e2779fd39be79c6095f1fe9b1d3a4bc2a71641bcf3cb7d06f8199ba1468d778ab557245361f10293437a847b79ab7c46ec29b1c4394",
            "directory_permission": "0777",
            "file_permission": "0777",
            "filename": "./hello.txt",
            "id": "6b4e944321e6146320d6f30aff2789a6b157c971",
            "sensitive_content": null,
            "source": null
          },
          "sensitive_attributes": [
            [
              {
                "type": "get_attr",
                "value": "sensitive_content"
              }
            ]
          ],
          "identity_schema_version": 0
        }
      ]
    }
  ],
  "check_results": null
}
